
Microsoft Visual Studio Solution File, Format Version 12.00
# Visual Studio Version 16
VisualStudioVersion = 16.0.28803.156
MinimumVisualStudioVersion = 10.0.40219.1
Project("{FAE04EC0-301F-11D3-BF4B-00C04F79EFBC}") = "ConsoleApp4", "ConsoleApp4\ConsoleApp4.csproj", "{D74EBC95-5088-4E36-A29D-6F4B90A01DF8}"
EndProject
Global
	GlobalSection(SolutionConfigurationPlatforms) = preSolution
		Debug|Any CPU = Debug|Any CPU
		Release|Any CPU = Release|Any CPU
	EndGlobalSection
	GlobalSection(ProjectConfigurationPlatforms) = postSolution
		{D74EBC95-5088-4E36-A29D-6F4B90A01DF8}.Debug|Any CPU.ActiveCfg = Debug|Any CPU
		{D74EBC95-5088-4E36-A29D-6F4B90A01DF8}.Debug|Any CPU.Build.0 = Debug|Any CPU
		{D74EBC95-5088-4E36-A29D-6F4B90A01DF8}.Release|Any CPU.ActiveCfg = Release|Any CPU
		{D74EBC95-5088-4E36-A29D-6F4B90A01DF8}.Release|Any CPU.Build.0 = Release|Any CPU
	EndGlobalSection
	GlobalSection(SolutionProperties) = preSolution
		HideSolutionNode = FALSE
	EndGlobalSection
	GlobalSection(ExtensibilityGlobals) = postSolution
		SolutionGuid = {31B434B3-7792-482E-BBA4-858D24982475}
	EndGlobalSection
EndGlobal
